// !$*UTF8*$!
{
	archiveVersion = 1;
	classes = {
	};
	objectVersion = 46;
	objects = {

/* Begin PBXBuildFile section */
		65057B911D4F18B000E20637 /* main.cpp in Sources */ = {isa = PBXBuildFile; fileRef = 65057B901D4F18B000E20637 /* main.cpp */; };
		65057B981D4F18EC00E20637 /* GLUT.framework in Frameworks */ = {isa = PBXBuildFile; fileRef = 65057B971D4F18EC00E20637 /* GLUT.framework */; };
		65057B9A1D4F18F300E20637 /* OpenGL.framework in Frameworks */ = {isa = PBXBuildFile; fileRef = 65057B991D4F18F300E20637 /* OpenGL.framework */; };
		650BB5681D58776B0033AA7F /* OmniTexture.cpp in Sources */ = {isa = PBXBuildFile; fileRef = 650BB5661D58776B0033AA7F /* OmniTexture.cpp */; };
		655F3BCA1D5B0ABB00A5769C /* libopencv_core.3.1.dylib in Frameworks */ = {isa = PBXBuildFile; fileRef = 655F3BC41D5B0ABB00A5769C /* libopencv_core.3.1.dylib */; };
		655F3BCB1D5B0ABB00A5769C /* libopencv_highgui.3.1.dylib in Frameworks */ = {isa = PBXBuildFile; fileRef = 655F3BC51D5B0ABB00A5769C /* libopencv_highgui.3.1.dylib */; };
		655F3BCD1D5B0ABB00A5769C /* libopencv_imgproc.3.1.dylib in Frameworks */ = {isa = PBXBuildFile; fileRef = 655F3BC71D5B0ABB00A5769C /* libopencv_imgproc.3.1.dylib */; };
		655F3BCE1D5B0ABB00A5769C /* libopencv_video.3.1.dylib in Frameworks */ = {isa = PBXBuildFile; fileRef = 655F3BC81D5B0ABB00A5769C /* libopencv_video.3.1.dylib */; };
		655F3BCF1D5B0ABB00A5769C /* libopencv_videoio.3.1.dylib in Frameworks */ = {isa = PBXBuildFile; fileRef = 655F3BC91D5B0ABB00A5769C /* libopencv_videoio.3.1.dylib */; };
		655F3BD11D5B0BBF00A5769C /* libopencv_imgcodecs.3.1.dylib in Frameworks */ = {isa = PBXBuildFile; fileRef = 655F3BD01D5B0BBF00A5769C /* libopencv_imgcodecs.3.1.dylib */; };
/* End PBXBuildFile section */

/* Begin PBXCopyFilesBuildPhase section */
		65057B8B1D4F18B000E20637 /* CopyFiles */ = {
			isa = PBXCopyFilesBuildPhase;
			buildActionMask = 2147483647;
			dstPath = /usr/share/man/man1/;
			dstSubfolderSpec = 0;
			files = (
			);
			runOnlyForDeploymentPostprocessing = 1;
		};
/* End PBXCopyFilesBuildPhase section */

/* Begin PBXFileReference section */
		65057B8D1D4F18B000E20637 /* testOpenGL */ = {isa = PBXFileReference; explicitFileType = "compiled.mach-o.executable"; includeInIndex = 0; path = testOpenGL; sourceTree = BUILT_PRODUCTS_DIR; };
		65057B901D4F18B000E20637 /* main.cpp */ = {isa = PBXFileReference; lastKnownFileType = sourcecode.cpp.cpp; path = main.cpp; sourceTree = "<group>"; };
		65057B971D4F18EC00E20637 /* GLUT.framework */ = {isa = PBXFileReference; lastKnownFileType = wrapper.framework; name = GLUT.framework; path = System/Library/Frameworks/GLUT.framework; sourceTree = SDKROOT; };
		65057B991D4F18F300E20637 /* OpenGL.framework */ = {isa = PBXFileReference; lastKnownFileType = wrapper.framework; name = OpenGL.framework; path = System/Library/Frameworks/OpenGL.framework; sourceTree = SDKROOT; };
		650BB5661D58776B0033AA7F /* OmniTexture.cpp */ = {isa = PBXFileReference; fileEncoding = 4; lastKnownFileType = sourcecode.cpp.cpp; path = OmniTexture.cpp; sourceTree = "<group>"; };
		650BB5671D58776B0033AA7F /* OmniTexture.hpp */ = {isa = PBXFileReference; fileEncoding = 4; lastKnownFileType = sourcecode.cpp.h; path = OmniTexture.hpp; sourceTree = "<group>"; };
		655F3BC41D5B0ABB00A5769C /* libopencv_core.3.1.dylib */ = {isa = PBXFileReference; lastKnownFileType = "compiled.mach-o.dylib"; name = libopencv_core.3.1.dylib; path = ../../../../usr/local/Cellar/opencv3/3.1.0_3/lib/libopencv_core.3.1.dylib; sourceTree = "<group>"; };
		655F3BC51D5B0ABB00A5769C /* libopencv_highgui.3.1.dylib */ = {isa = PBXFileReference; lastKnownFileType = "compiled.mach-o.dylib"; name = libopencv_highgui.3.1.dylib; path = ../../../../usr/local/Cellar/opencv3/3.1.0_3/lib/libopencv_highgui.3.1.dylib; sourceTree = "<group>"; };
		655F3BC71D5B0ABB00A5769C /* libopencv_imgproc.3.1.dylib */ = {isa = PBXFileReference; lastKnownFileType = "compiled.mach-o.dylib"; name = libopencv_imgproc.3.1.dylib; path = ../../../../usr/local/Cellar/opencv3/3.1.0_3/lib/libopencv_imgproc.3.1.dylib; sourceTree = "<group>"; };
		655F3BC81D5B0ABB00A5769C /* libopencv_video.3.1.dylib */ = {isa = PBXFileReference; lastKnownFileType = "compiled.mach-o.dylib"; name = libopencv_video.3.1.dylib; path = ../../../../usr/local/Cellar/opencv3/3.1.0_3/lib/libopencv_video.3.1.dylib; sourceTree = "<group>"; };
		655F3BC91D5B0ABB00A5769C /* libopencv_videoio.3.1.dylib */ = {isa = PBXFileReference; lastKnownFileType = "compiled.mach-o.dylib"; name = libopencv_videoio.3.1.dylib; path = ../../../../usr/local/Cellar/opencv3/3.1.0_3/lib/libopencv_videoio.3.1.dylib; sourceTree = "<group>"; };
		655F3BD01D5B0BBF00A5769C /* libopencv_imgcodecs.3.1.dylib */ = {isa = PBXFileReference; lastKnownFileType = "compiled.mach-o.dylib"; name = libopencv_imgcodecs.3.1.dylib; path = ../../../../usr/local/Cellar/opencv3/3.1.0_3/lib/libopencv_imgcodecs.3.1.dylib; sourceTree = "<group>"; };
/* End PBXFileReference section */

/* Begin PBXFrameworksBuildPhase section */
		65057B8A1D4F18B000E20637 /* Frameworks */ = {
			isa = PBXFrameworksBuildPhase;
			buildActionMask = 2147483647;
			files = (
				65057B9A1D4F18F300E20637 /* OpenGL.framework in Frameworks */,
				65057B981D4F18EC00E20637 /* GLUT.framework in Frameworks */,
				655F3BCA1D5B0ABB00A5769C /* libopencv_core.3.1.dylib in Frameworks */,
				655F3BCB1D5B0ABB00A5769C /* libopencv_highgui.3.1.dylib in Frameworks */,
				655F3BCD1D5B0ABB00A5769C /* libopencv_imgproc.3.1.dylib in Frameworks */,
				655F3BCE1D5B0ABB00A5769C /* libopencv_video.3.1.dylib in Frameworks */,
				655F3BCF1D5B0ABB00A5769C /* libopencv_videoio.3.1.dylib in Frameworks */,
				655F3BD11D5B0BBF00A5769C /* libopencv_imgcodecs.3.1.dylib in Frameworks */,
			);
			runOnlyForDeploymentPostprocessing = 0;
		};
/* End PBXFrameworksBuildPhase section */

/* Begin PBXGroup section */
		65057B841D4F18B000E20637 = {
			isa = PBXGroup;
			children = (
				655F3BD01D5B0BBF00A5769C /* libopencv_imgcodecs.3.1.dylib */,
				655F3BC41D5B0ABB00A5769C /* libopencv_core.3.1.dylib */,
				655F3BC51D5B0ABB00A5769C /* libopencv_highgui.3.1.dylib */,
				655F3BC71D5B0ABB00A5769C /* libopencv_imgproc.3.1.dylib */,
				655F3BC81D5B0ABB00A5769C /* libopencv_video.3.1.dylib */,
				655F3BC91D5B0ABB00A5769C /* libopencv_videoio.3.1.dylib */,
				65057B991D4F18F300E20637 /* OpenGL.framework */,
				65057B971D4F18EC00E20637 /* GLUT.framework */,
				65057B8F1D4F18B000E20637 /* testOpenGL */,
				65057B8E1D4F18B000E20637 /* Products */,
			);
			sourceTree = "<group>";
		};
		65057B8E1D4F18B000E20637 /* Products */ = {
			isa = PBXGroup;
			children = (
				65057B8D1D4F18B000E20637 /* testOpenGL */,
			);
			name = Products;
			sourceTree = "<group>";
		};
		65057B8F1D4F18B000E20637 /* testOpenGL */ = {
			isa = PBXGroup;
			children = (
				65057B901D4F18B000E20637 /* main.cpp */,
				650BB5661D58776B0033AA7F /* OmniTexture.cpp */,
				650BB5671D58776B0033AA7F /* OmniTexture.hpp */,
			);
			path = testOpenGL;
			sourceTree = "<group>";
		};
/* End PBXGroup section */

/* Begin PBXNativeTarget section */
		65057B8C1D4F18B000E20637 /* testOpenGL */ = {
			isa = PBXNativeTarget;
			buildConfigurationList = 65057B941D4F18B000E20637 /* Build configuration list for PBXNativeTarget "testOpenGL" */;
			buildPhases = (
				65057B891D4F18B000E20637 /* Sources */,
				65057B8A1D4F18B000E20637 /* Frameworks */,
				65057B8B1D4F18B000E20637 /* CopyFiles */,
			);
			buildRules = (
			);
			dependencies = (
			);
			name = testOpenGL;
			productName = testOpenGL;
			productReference = 65057B8D1D4F18B000E20637 /* testOpenGL */;
			productType = "com.apple.product-type.tool";
		};
/* End PBXNativeTarget section */

/* Begin PBXProject section */
		65057B851D4F18B000E20637 /* Project object */ = {
			isa = PBXProject;
			attributes = {
				LastUpgradeCheck = 0730;
				ORGANIZATIONNAME = takujifunao;
				TargetAttributes = {
					65057B8C1D4F18B000E20637 = {
						CreatedOnToolsVersion = 7.3;
					};
				};
			};
			buildConfigurationList = 65057B881D4F18B000E20637 /* Build configuration list for PBXProject "testOpenGL" */;
			compatibilityVersion = "Xcode 3.2";
			developmentRegion = English;
			hasScannedForEncodings = 0;
			knownRegions = (
				en,
			);
			mainGroup = 65057B841D4F18B000E20637;
			productRefGroup = 65057B8E1D4F18B000E20637 /* Products */;
			projectDirPath = "";
			projectRoot = "";
			targets = (
				65057B8C1D4F18B000E20637 /* testOpenGL */,
			);
		};
/* End PBXProject section */

/* Begin PBXSourcesBuildPhase section */
		65057B891D4F18B000E20637 /* Sources */ = {
			isa = PBXSourcesBuildPhase;
			buildActionMask = 2147483647;
			files = (
				650BB5681D58776B0033AA7F /* OmniTexture.cpp in Sources */,
				65057B911D4F18B000E20637 /* main.cpp in Sources */,
			);
			runOnlyForDeploymentPostprocessing = 0;
		};
/* End PBXSourcesBuildPhase section */

/* Begin XCBuildConfiguration section */
		65057B921D4F18B000E20637 /* Debug */ = {
			isa = XCBuildConfiguration;
			buildSettings = {
				ALWAYS_SEARCH_USER_PATHS = NO;
				CLANG_ANALYZER_NONNULL = YES;
				CLANG_CXX_LANGUAGE_STANDARD = "gnu++0x";
				CLANG_CXX_LIBRARY = "libc++";
				CLANG_ENABLE_MODULES = YES;
				CLANG_ENABLE_OBJC_ARC = YES;
				CLANG_WARN_BOOL_CONVERSION = YES;
				CLANG_WARN_CONSTANT_CONVERSION = YES;
				CLANG_WARN_DIRECT_OBJC_ISA_USAGE = YES_ERROR;
				CLANG_WARN_EMPTY_BODY = YES;
				CLANG_WARN_ENUM_CONVERSION = YES;
				CLANG_WARN_INT_CONVERSION = YES;
				CLANG_WARN_OBJC_ROOT_CLASS = YES_ERROR;
				CLANG_WARN_UNREACHABLE_CODE = YES;
				CLANG_WARN__DUPLICATE_METHOD_MATCH = YES;
				CODE_SIGN_IDENTITY = "-";
				COPY_PHASE_STRIP = NO;
				DEBUG_INFORMATION_FORMAT = dwarf;
				ENABLE_STRICT_OBJC_MSGSEND = YES;
				ENABLE_TESTABILITY = YES;
				GCC_C_LANGUAGE_STANDARD = gnu99;
				GCC_DYNAMIC_NO_PIC = NO;
				GCC_NO_COMMON_BLOCKS = YES;
				GCC_OPTIMIZATION_LEVEL = 0;
				GCC_PREPROCESSOR_DEFINITIONS = (
					"DEBUG=1",
					"$(inherited)",
				);
				GCC_WARN_64_TO_32_BIT_CONVERSION = YES;
				GCC_WARN_ABOUT_RETURN_TYPE = YES_ERROR;
				GCC_WARN_UNDECLARED_SELECTOR = YES;
				GCC_WARN_UNINITIALIZED_AUTOS = YES_AGGRESSIVE;
				GCC_WARN_UNUSED_FUNCTION = YES;
				GCC_WARN_UNUSED_VARIABLE = YES;
				MACOSX_DEPLOYMENT_TARGET = 10.11;
				MTL_ENABLE_DEBUG_INFO = YES;
				ONLY_ACTIVE_ARCH = YES;
				SDKROOT = macosx;
			};
			name = Debug;
		};
		65057B931D4F18B000E20637 /* Release */ = {
			isa = XCBuildConfiguration;
			buildSettings = {
				ALWAYS_SEARCH_USER_PATHS = NO;
				CLANG_ANALYZER_NONNULL = YES;
				CLANG_CXX_LANGUAGE_STANDARD = "gnu++0x";
				CLANG_CXX_LIBRARY = "libc++";
				CLANG_ENABLE_MODULES = YES;
				CLANG_ENABLE_OBJC_ARC = YES;
				CLANG_WARN_BOOL_CONVERSION = YES;
				CLANG_WARN_CONSTANT_CONVERSION = YES;
				CLANG_WARN_DIRECT_OBJC_ISA_USAGE = YES_ERROR;
				CLANG_WARN_EMPTY_BODY = YES;
				CLANG_WARN_ENUM_CONVERSION = YES;
				CLANG_WARN_INT_CONVERSION = YES;
				CLANG_WARN_OBJC_ROOT_CLASS = YES_ERROR;
				CLANG_WARN_UNREACHABLE_CODE = YES;
				CLANG_WARN__DUPLICATE_METHOD_MATCH = YES;
				CODE_SIGN_IDENTITY = "-";
				COPY_PHASE_STRIP = NO;
				DEBUG_INFORMATION_FORMAT = "dwarf-with-dsym";
				ENABLE_NS_ASSERTIONS = NO;
				ENABLE_STRICT_OBJC_MSGSEND = YES;
				GCC_C_LANGUAGE_STANDARD = gnu99;
				GCC_NO_COMMON_BLOCKS = YES;
				GCC_WARN_64_TO_32_BIT_CONVERSION = YES;
				GCC_WARN_ABOUT_RETURN_TYPE = YES_ERROR;
				GCC_WARN_UNDECLARED_SELECTOR = YES;
				GCC_WARN_UNINITIALIZED_AUTOS = YES_AGGRESSIVE;
				GCC_WARN_UNUSED_FUNCTION = YES;
				GCC_WARN_UNUSED_VARIABLE = YES;
				MACOSX_DEPLOYMENT_TARGET = 10.11;
				MTL_ENABLE_DEBUG_INFO = NO;
				SDKROOT = macosx;
			};
			name = Release;
		};
		65057B951D4F18B000E20637 /* Debug */ = {
			isa = XCBuildConfiguration;
			buildSettings = {
				HEADER_SEARCH_PATHS = "/usr/local/Cellar/opencv3/**";
				LIBRARY_SEARCH_PATHS = (
					"$(inherited)",
					/usr/local/Cellar/opencv3/3.1.0_3/lib,
				);
				PRODUCT_NAME = "$(TARGET_NAME)";
			};
			name = Debug;
		};
		65057B961D4F18B000E20637 /* Release */ = {
			isa = XCBuildConfiguration;
			buildSettings = {
				HEADER_SEARCH_PATHS = "/usr/local/Cellar/opencv3/**";
				LIBRARY_SEARCH_PATHS = (
					"$(inherited)",
					/usr/local/Cellar/opencv3/3.1.0_3/lib,
				);
				PRODUCT_NAME = "$(TARGET_NAME)";
			};
			name = Release;
		};
/* End XCBuildConfiguration section */

/* Begin XCConfigurationList section */
		65057B881D4F18B000E20637 /* Build configuration list for PBXProject "testOpenGL" */ = {
			isa = XCConfigurationList;
			buildConfigurations = (
				65057B921D4F18B000E20637 /* Debug */,
				65057B931D4F18B000E20637 /* Release */,
			);
			defaultConfigurationIsVisible = 0;
			defaultConfigurationName = Release;
		};
		65057B941D4F18B000E20637 /* Build configuration list for PBXNativeTarget "testOpenGL" */ = {
			isa = XCConfigurationList;
			buildConfigurations = (
				65057B951D4F18B000E20637 /* Debug */,
				65057B961D4F18B000E20637 /* Release */,
			);
			defaultConfigurationIsVisible = 0;
			defaultConfigurationName = Release;
		};
/* End XCConfigurationList section */
	};
	rootObject = 65057B851D4F18B000E20637 /* Project object */;
}
